{
  "name": "react-real-estate",
  "version": "0.1.0",
  "lockfileVersion": 1,
  "requires": true,
  "dependencies": {
    "bootstrap": {
      "version": "4.0.0",
      "resolved": "https://registry.npmjs.org/bootstrap/-/bootstrap-4.0.0.tgz",
      "integrity": "sha512-gulJE5dGFo6Q61V/whS6VM4WIyrlydXfCgkE+Gxe5hjrJ8rXLLZlALq7zq2RPhOc45PSwQpJkrTnc2KgD6cvmA=="
    },
    "dom7": {
      "version": "2.0.1",
      "resolved": "https://registry.npmjs.org/dom7/-/dom7-2.0.1.tgz",
      "integrity": "sha512-JwxgbCMasGW7pthSc0qRufkuZ6RAw9vZ66GSkcq2e+zpjFIGfXFMABdXpXrnItAQGd4zfj8vOfTI8wbZD1uSrQ=="
    },
    "font-awesome": {
      "version": "4.7.0",
      "resolved": "https://registry.npmjs.org/font-awesome/-/font-awesome-4.7.0.tgz",
      "integrity": "sha1-j6jPBBGhoxr9B7BtKQK7n8gVoTM="
    },
    "i": {
      "version": "0.3.6",
      "resolved": "https://registry.npmjs.org/i/-/i-0.3.6.tgz",
      "integrity": "sha1-2WyScyB28HJxG2sQ/X1PZa2O4j0="
    },
    "jquery": {
      "version": "3.3.1",
      "resolved": "https://registry.npmjs.org/jquery/-/jquery-3.3.1.tgz",
      "integrity": "sha512-Ubldcmxp5np52/ENotGxlLe6aGMvmF4R8S6tZjsP6Knsaxd/xp3Zrh50cG93lR6nPXyUFwzN3ZSOQI0wRJNdGg=="
    },
    "photoswipe": {
      "version": "4.1.3",
      "resolved": "https://registry.npmjs.org/photoswipe/-/photoswipe-4.1.3.tgz",
      "integrity": "sha512-89Z43IRUyw7ycTolo+AaiDn3W1EEIfox54hERmm9bI12IB9cvRfHSHez3XhAyU8XW2EAFrC+2sKMhh7SJwn0bA=="
    },
    "popper.js": {
      "version": "1.12.9",
      "resolved": "https://registry.npmjs.org/popper.js/-/popper.js-1.12.9.tgz",
      "integrity": "sha1-DfvC3/lsRRuzMu3Pz6r1ZtMx1bM="
    },
    "swiper": {
      "version": "4.0.2",
      "resolved": "https://registry.npmjs.org/swiper/-/swiper-4.0.2.tgz",
      "integrity": "sha512-NNlzPWWT9BKQOwHLuIkNy7VzqelOWMrKhEFA0z4PltwnGM94C7lBe8ChNFivterwsNdqkscsMvH1ldECz2mRuQ==",
      "requires": {
        "dom7": "^2.0.1"
      }
    },
    "theia-sticky-sidebar": {
      "version": "1.7.0",
      "resolved": "https://registry.npmjs.org/theia-sticky-sidebar/-/theia-sticky-sidebar-1.7.0.tgz",
      "integrity": "sha1-D7uSToTq/5hzaP0oTQDK6np+w1o=",
      "requires": {
        "jquery": ">=1.7.0"
      }
    }
  }
}
